// !$*UTF8*$!
{
	archiveVersion = 1;
	classes = {
	};
	objectVersion = 55;
	objects = {

/* Begin PBXBuildFile section */
		46C11F6B289FC6AF000EDDC2 /* AppDelegate.swift in Sources */ = {isa = PBXBuildFile; fileRef = 46C11F6A289FC6AF000EDDC2 /* AppDelegate.swift */; };
		46C11F6D289FC6AF000EDDC2 /* SceneDelegate.swift in Sources */ = {isa = PBXBuildFile; fileRef = 46C11F6C289FC6AF000EDDC2 /* SceneDelegate.swift */; };
		46C11F6F289FC6AF000EDDC2 /* ViewController.swift in Sources */ = {isa = PBXBuildFile; fileRef = 46C11F6E289FC6AF000EDDC2 /* ViewController.swift */; };
		46C11F72289FC6AF000EDDC2 /* Main.storyboard in Resources */ = {isa = PBXBuildFile; fileRef = 46C11F70289FC6AF000EDDC2 /* Main.storyboard */; };
		46C11F74289FC6B0000EDDC2 /* Assets.xcassets in Resources */ = {isa = PBXBuildFile; fileRef = 46C11F73289FC6B0000EDDC2 /* Assets.xcassets */; };
		46C11F77289FC6B0000EDDC2 /* LaunchScreen.storyboard in Resources */ = {isa = PBXBuildFile; fileRef = 46C11F75289FC6B0000EDDC2 /* LaunchScreen.storyboard */; };
		46C11F82289FC6B0000EDDC2 /* NewsAppTests.swift in Sources */ = {isa = PBXBuildFile; fileRef = 46C11F81289FC6B0000EDDC2 /* NewsAppTests.swift */; };
		46C11F8C289FC6B0000EDDC2 /* NewsAppUITests.swift in Sources */ = {isa = PBXBuildFile; fileRef = 46C11F8B289FC6B0000EDDC2 /* NewsAppUITests.swift */; };
		46C11F8E289FC6B0000EDDC2 /* NewsAppUITestsLaunchTests.swift in Sources */ = {isa = PBXBuildFile; fileRef = 46C11F8D289FC6B0000EDDC2 /* NewsAppUITestsLaunchTests.swift */; };
/* End PBXBuildFile section */

/* Begin PBXContainerItemProxy section */
		46C11F7E289FC6B0000EDDC2 /* PBXContainerItemProxy */ = {
			isa = PBXContainerItemProxy;
			containerPortal = 46C11F5F289FC6AF000EDDC2 /* Project object */;
			proxyType = 1;
			remoteGlobalIDString = 46C11F66289FC6AF000EDDC2;
			remoteInfo = NewsApp;
		};
		46C11F88289FC6B0000EDDC2 /* PBXContainerItemProxy */ = {
			isa = PBXContainerItemProxy;
			containerPortal = 46C11F5F289FC6AF000EDDC2 /* Project object */;
			proxyType = 1;
			remoteGlobalIDString = 46C11F66289FC6AF000EDDC2;
			remoteInfo = NewsApp;
		};
/* End PBXContainerItemProxy section */

/* Begin PBXFileReference section */
		46C11F67289FC6AF000EDDC2 /* NewsApp.app */ = {isa = PBXFileReference; explicitFileType = wrapper.application; includeInIndex = 0; path = NewsApp.app; sourceTree = BUILT_PRODUCTS_DIR; };
		46C11F6A289FC6AF000EDDC2 /* AppDelegate.swift */ = {isa = PBXFileReference; lastKnownFileType = sourcecode.swift; path = AppDelegate.swift; sourceTree = "<group>"; };
		46C11F6C289FC6AF000EDDC2 /* SceneDelegate.swift */ = {isa = PBXFileReference; lastKnownFileType = sourcecode.swift; path = SceneDelegate.swift; sourceTree = "<group>"; };
		46C11F6E289FC6AF000EDDC2 /* ViewController.swift */ = {isa = PBXFileReference; lastKnownFileType = sourcecode.swift; path = ViewController.swift; sourceTree = "<group>"; };
		46C11F71289FC6AF000EDDC2 /* Base */ = {isa = PBXFileReference; lastKnownFileType = file.storyboard; name = Base; path = Base.lproj/Main.storyboard; sourceTree = "<group>"; };
		46C11F73289FC6B0000EDDC2 /* Assets.xcassets */ = {isa = PBXFileReference; lastKnownFileType = folder.assetcatalog; path = Assets.xcassets; sourceTree = "<group>"; };
		46C11F76289FC6B0000EDDC2 /* Base */ = {isa = PBXFileReference; lastKnownFileType = file.storyboard; name = Base; path = Base.lproj/LaunchScreen.storyboard; sourceTree = "<group>"; };
		46C11F78289FC6B0000EDDC2 /* Info.plist */ = {isa = PBXFileReference; lastKnownFileType = text.plist.xml; path = Info.plist; sourceTree = "<group>"; };
		46C11F7D289FC6B0000EDDC2 /* NewsAppTests.xctest */ = {isa = PBXFileReference; explicitFileType = wrapper.cfbundle; includeInIndex = 0; path = NewsAppTests.xctest; sourceTree = BUILT_PRODUCTS_DIR; };
		46C11F81289FC6B0000EDDC2 /* NewsAppTests.swift */ = {isa = PBXFileReference; lastKnownFileType = sourcecode.swift; path = NewsAppTests.swift; sourceTree = "<group>"; };
		46C11F87289FC6B0000EDDC2 /* NewsAppUITests.xctest */ = {isa = PBXFileReference; explicitFileType = wrapper.cfbundle; includeInIndex = 0; path = NewsAppUITests.xctest; sourceTree = BUILT_PRODUCTS_DIR; };
		46C11F8B289FC6B0000EDDC2 /* NewsAppUITests.swift */ = {isa = PBXFileReference; lastKnownFileType = sourcecode.swift; path = NewsAppUITests.swift; sourceTree = "<group>"; };
		46C11F8D289FC6B0000EDDC2 /* NewsAppUITestsLaunchTests.swift */ = {isa = PBXFileReference; lastKnownFileType = sourcecode.swift; path = NewsAppUITestsLaunchTests.swift; sourceTree = "<group>"; };
/* End PBXFileReference section */

/* Begin PBXFrameworksBuildPhase section */
		46C11F64289FC6AF000EDDC2 /* Frameworks */ = {
			isa = PBXFrameworksBuildPhase;
			buildActionMask = 2147483647;
			files = (
			);
			runOnlyForDeploymentPostprocessing = 0;
		};
		46C11F7A289FC6B0000EDDC2 /* Frameworks */ = {
			isa = PBXFrameworksBuildPhase;
			buildActionMask = 2147483647;
			files = (
			);
			runOnlyForDeploymentPostprocessing = 0;
		};
		46C11F84289FC6B0000EDDC2 /* Frameworks */ = {
			isa = PBXFrameworksBuildPhase;
			buildActionMask = 2147483647;
			files = (
			);
			runOnlyForDeploymentPostprocessing = 0;
		};
/* End PBXFrameworksBuildPhase section */

/* Begin PBXGroup section */
		46C11F5E289FC6AF000EDDC2 = {
			isa = PBXGroup;
			children = (
				46C11F69289FC6AF000EDDC2 /* NewsApp */,
				46C11F80289FC6B0000EDDC2 /* NewsAppTests */,
				46C11F8A289FC6B0000EDDC2 /* NewsAppUITests */,
				46C11F68289FC6AF000EDDC2 /* Products */,
			);
			sourceTree = "<group>";
		};
		46C11F68289FC6AF000EDDC2 /* Products */ = {
			isa = PBXGroup;
			children = (
				46C11F67289FC6AF000EDDC2 /* NewsApp.app */,
				46C11F7D289FC6B0000EDDC2 /* NewsAppTests.xctest */,
				46C11F87289FC6B0000EDDC2 /* NewsAppUITests.xctest */,
			);
			name = Products;
			sourceTree = "<group>";
		};
		46C11F69289FC6AF000EDDC2 /* NewsApp */ = {
			isa = PBXGroup;
			children = (
				46C11F6A289FC6AF000EDDC2 /* AppDelegate.swift */,
				46C11F6C289FC6AF000EDDC2 /* SceneDelegate.swift */,
				46C11F6E289FC6AF000EDDC2 /* ViewController.swift */,
				46C11F70289FC6AF000EDDC2 /* Main.storyboard */,
				46C11F73289FC6B0000EDDC2 /* Assets.xcassets */,
				46C11F75289FC6B0000EDDC2 /* LaunchScreen.storyboard */,
				46C11F78289FC6B0000EDDC2 /* Info.plist */,
			);
			path = NewsApp;
			sourceTree = "<group>";
		};
		46C11F80289FC6B0000EDDC2 /* NewsAppTests */ = {
			isa = PBXGroup;
			children = (
				46C11F81289FC6B0000EDDC2 /* NewsAppTests.swift */,
			);
			path = NewsAppTests;
			sourceTree = "<group>";
		};
		46C11F8A289FC6B0000EDDC2 /* NewsAppUITests */ = {
			isa = PBXGroup;
			children = (
				46C11F8B289FC6B0000EDDC2 /* NewsAppUITests.swift */,
				46C11F8D289FC6B0000EDDC2 /* NewsAppUITestsLaunchTests.swift */,
			);
			path = NewsAppUITests;
			sourceTree = "<group>";
		};
/* End PBXGroup section */

/* Begin PBXNativeTarget section */
		46C11F66289FC6AF000EDDC2 /* NewsApp */ = {
			isa = PBXNativeTarget;
			buildConfigurationList = 46C11F91289FC6B0000EDDC2 /* Build configuration list for PBXNativeTarget "NewsApp" */;
			buildPhases = (
				46C11F63289FC6AF000EDDC2 /* Sources */,
				46C11F64289FC6AF000EDDC2 /* Frameworks */,
				46C11F65289FC6AF000EDDC2 /* Resources */,
			);
			buildRules = (
			);
			dependencies = (
			);
			name = NewsApp;
			productName = NewsApp;
			productReference = 46C11F67289FC6AF000EDDC2 /* NewsApp.app */;
			productType = "com.apple.product-type.application";
		};
		46C11F7C289FC6B0000EDDC2 /* NewsAppTests */ = {
			isa = PBXNativeTarget;
			buildConfigurationList = 46C11F94289FC6B0000EDDC2 /* Build configuration list for PBXNativeTarget "NewsAppTests" */;
			buildPhases = (
				46C11F79289FC6B0000EDDC2 /* Sources */,
				46C11F7A289FC6B0000EDDC2 /* Frameworks */,
				46C11F7B289FC6B0000EDDC2 /* Resources */,
			);
			buildRules = (
			);
			dependencies = (
				46C11F7F289FC6B0000EDDC2 /* PBXTargetDependency */,
			);
			name = NewsAppTests;
			productName = NewsAppTests;
			productReference = 46C11F7D289FC6B0000EDDC2 /* NewsAppTests.xctest */;
			productType = "com.apple.product-type.bundle.unit-test";
		};
		46C11F86289FC6B0000EDDC2 /* NewsAppUITests */ = {
			isa = PBXNativeTarget;
			buildConfigurationList = 46C11F97289FC6B0000EDDC2 /* Build configuration list for PBXNativeTarget "NewsAppUITests" */;
			buildPhases = (
				46C11F83289FC6B0000EDDC2 /* Sources */,
				46C11F84289FC6B0000EDDC2 /* Frameworks */,
				46C11F85289FC6B0000EDDC2 /* Resources */,
			);
			buildRules = (
			);
			dependencies = (
				46C11F89289FC6B0000EDDC2 /* PBXTargetDependency */,
			);
			name = NewsAppUITests;
			productName = NewsAppUITests;
			productReference = 46C11F87289FC6B0000EDDC2 /* NewsAppUITests.xctest */;
			productType = "com.apple.product-type.bundle.ui-testing";
		};
/* End PBXNativeTarget section */

/* Begin PBXProject section */
		46C11F5F289FC6AF000EDDC2 /* Project object */ = {
			isa = PBXProject;
			attributes = {
				BuildIndependentTargetsInParallel = 1;
				LastSwiftUpdateCheck = 1340;
				LastUpgradeCheck = 1340;
				TargetAttributes = {
					46C11F66289FC6AF000EDDC2 = {
						CreatedOnToolsVersion = 13.4.1;
					};
					46C11F7C289FC6B0000EDDC2 = {
						CreatedOnToolsVersion = 13.4.1;
						TestTargetID = 46C11F66289FC6AF000EDDC2;
					};
					46C11F86289FC6B0000EDDC2 = {
						CreatedOnToolsVersion = 13.4.1;
						TestTargetID = 46C11F66289FC6AF000EDDC2;
					};
				};
			};
			buildConfigurationList = 46C11F62289FC6AF000EDDC2 /* Build configuration list for PBXProject "NewsApp" */;
			compatibilityVersion = "Xcode 13.0";
			developmentRegion = en;
			hasScannedForEncodings = 0;
			knownRegions = (
				en,
				Base,
			);
			mainGroup = 46C11F5E289FC6AF000EDDC2;
			productRefGroup = 46C11F68289FC6AF000EDDC2 /* Products */;
			projectDirPath = "";
			projectRoot = "";
			targets = (
				46C11F66289FC6AF000EDDC2 /* NewsApp */,
				46C11F7C289FC6B0000EDDC2 /* NewsAppTests */,
				46C11F86289FC6B0000EDDC2 /* NewsAppUITests */,
			);
		};
/* End PBXProject section */

/* Begin PBXResourcesBuildPhase section */
		46C11F65289FC6AF000EDDC2 /* Resources */ = {
			isa = PBXResourcesBuildPhase;
			buildActionMask = 2147483647;
			files = (
				46C11F77289FC6B0000EDDC2 /* LaunchScreen.storyboard in Resources */,
				46C11F74289FC6B0000EDDC2 /* Assets.xcassets in Resources */,
				46C11F72289FC6AF000EDDC2 /* Main.storyboard in Resources */,
			);
			runOnlyForDeploymentPostprocessing = 0;
		};
		46C11F7B289FC6B0000EDDC2 /* Resources */ = {
			isa = PBXResourcesBuildPhase;
			buildActionMask = 2147483647;
			files = (
			);
			runOnlyForDeploymentPostprocessing = 0;
		};
		46C11F85289FC6B0000EDDC2 /* Resources */ = {
			isa = PBXResourcesBuildPhase;
			buildActionMask = 2147483647;
			files = (
			);
			runOnlyForDeploymentPostprocessing = 0;
		};
/* End PBXResourcesBuildPhase section */

/* Begin PBXSourcesBuildPhase section */
		46C11F63289FC6AF000EDDC2 /* Sources */ = {
			isa = PBXSourcesBuildPhase;
			buildActionMask = 2147483647;
			files = (
				46C11F6F289FC6AF000EDDC2 /* ViewController.swift in Sources */,
				46C11F6B289FC6AF000EDDC2 /* AppDelegate.swift in Sources */,
				46C11F6D289FC6AF000EDDC2 /* SceneDelegate.swift in Sources */,
			);
			runOnlyForDeploymentPostprocessing = 0;
		};
		46C11F79289FC6B0000EDDC2 /* Sources */ = {
			isa = PBXSourcesBuildPhase;
			buildActionMask = 2147483647;
			files = (
				46C11F82289FC6B0000EDDC2 /* NewsAppTests.swift in Sources */,
			);
			runOnlyForDeploymentPostprocessing = 0;
		};
		46C11F83289FC6B0000EDDC2 /* Sources */ = {
			isa = PBXSourcesBuildPhase;
			buildActionMask = 2147483647;
			files = (
				46C11F8C289FC6B0000EDDC2 /* NewsAppUITests.swift in Sources */,
				46C11F8E289FC6B0000EDDC2 /* NewsAppUITestsLaunchTests.swift in Sources */,
			);
			runOnlyForDeploymentPostprocessing = 0;
		};
/* End PBXSourcesBuildPhase section */

/* Begin PBXTargetDependency section */
		46C11F7F289FC6B0000EDDC2 /* PBXTargetDependency */ = {
			isa = PBXTargetDependency;
			target = 46C11F66289FC6AF000EDDC2 /* NewsApp */;
			targetProxy = 46C11F7E289FC6B0000EDDC2 /* PBXContainerItemProxy */;
		};
		46C11F89289FC6B0000EDDC2 /* PBXTargetDependency */ = {
			isa = PBXTargetDependency;
			target = 46C11F66289FC6AF000EDDC2 /* NewsApp */;
			targetProxy = 46C11F88289FC6B0000EDDC2 /* PBXContainerItemProxy */;
		};
/* End PBXTargetDependency section */

/* Begin PBXVariantGroup section */
		46C11F70289FC6AF000EDDC2 /* Main.storyboard */ = {
			isa = PBXVariantGroup;
			children = (
				46C11F71289FC6AF000EDDC2 /* Base */,
			);
			name = Main.storyboard;
			sourceTree = "<group>";
		};
		46C11F75289FC6B0000EDDC2 /* LaunchScreen.storyboard */ = {
			isa = PBXVariantGroup;
			children = (
				46C11F76289FC6B0000EDDC2 /* Base */,
			);
			name = LaunchScreen.storyboard;
			sourceTree = "<group>";
		};
/* End PBXVariantGroup section */

/* Begin XCBuildConfiguration section */
		46C11F8F289FC6B0000EDDC2 /* Debug */ = {
			isa = XCBuildConfiguration;
			buildSettings = {
				ALWAYS_SEARCH_USER_PATHS = NO;
				CLANG_ANALYZER_NONNULL = YES;
				CLANG_ANALYZER_NUMBER_OBJECT_CONVERSION = YES_AGGRESSIVE;
				CLANG_CXX_LANGUAGE_STANDARD = "gnu++17";
				CLANG_ENABLE_MODULES = YES;
				CLANG_ENABLE_OBJC_ARC = YES;
				CLANG_ENABLE_OBJC_WEAK = YES;
				CLANG_WARN_BLOCK_CAPTURE_AUTORELEASING = YES;
				CLANG_WARN_BOOL_CONVERSION = YES;
				CLANG_WARN_COMMA = YES;
				CLANG_WARN_CONSTANT_CONVERSION = YES;
				CLANG_WARN_DEPRECATED_OBJC_IMPLEMENTATIONS = YES;
				CLANG_WARN_DIRECT_OBJC_ISA_USAGE = YES_ERROR;
				CLANG_WARN_DOCUMENTATION_COMMENTS = YES;
				CLANG_WARN_EMPTY_BODY = YES;
				CLANG_WARN_ENUM_CONVERSION = YES;
				CLANG_WARN_INFINITE_RECURSION = YES;
				CLANG_WARN_INT_CONVERSION = YES;
				CLANG_WARN_NON_LITERAL_NULL_CONVERSION = YES;
				CLANG_WARN_OBJC_IMPLICIT_RETAIN_SELF = YES;
				CLANG_WARN_OBJC_LITERAL_CONVERSION = YES;
				CLANG_WARN_OBJC_ROOT_CLASS = YES_ERROR;
				CLANG_WARN_QUOTED_INCLUDE_IN_FRAMEWORK_HEADER = YES;
				CLANG_WARN_RANGE_LOOP_ANALYSIS = YES;
				CLANG_WARN_STRICT_PROTOTYPES = YES;
				CLANG_WARN_SUSPICIOUS_MOVE = YES;
				CLANG_WARN_UNGUARDED_AVAILABILITY = YES_AGGRESSIVE;
				CLANG_WARN_UNREACHABLE_CODE = YES;
				CLANG_WARN__DUPLICATE_METHOD_MATCH = YES;
				COPY_PHASE_STRIP = NO;
				DEBUG_INFORMATION_FORMAT = dwarf;
				ENABLE_STRICT_OBJC_MSGSEND = YES;
				ENABLE_TESTABILITY = YES;
				GCC_C_LANGUAGE_STANDARD = gnu11;
				GCC_DYNAMIC_NO_PIC = NO;
				GCC_NO_COMMON_BLOCKS = YES;
				GCC_OPTIMIZATION_LEVEL = 0;
				GCC_PREPROCESSOR_DEFINITIONS = (
					"DEBUG=1",
					"$(inherited)",
				);
				GCC_WARN_64_TO_32_BIT_CONVERSION = YES;
				GCC_WARN_ABOUT_RETURN_TYPE = YES_ERROR;
				GCC_WARN_UNDECLARED_SELECTOR = YES;
				GCC_WARN_UNINITIALIZED_AUTOS = YES_AGGRESSIVE;
				GCC_WARN_UNUSED_FUNCTION = YES;
				GCC_WARN_UNUSED_VARIABLE = YES;
				IPHONEOS_DEPLOYMENT_TARGET = 15.5;
				MTL_ENABLE_DEBUG_INFO = INCLUDE_SOURCE;
				MTL_FAST_MATH = YES;
				ONLY_ACTIVE_ARCH = YES;
				SDKROOT = iphoneos;
				SWIFT_ACTIVE_COMPILATION_CONDITIONS = DEBUG;
				SWIFT_OPTIMIZATION_LEVEL = "-Onone";
			};
			name = Debug;
		};
		46C11F90289FC6B0000EDDC2 /* Release */ = {
			isa = XCBuildConfiguration;
			buildSettings = {
				ALWAYS_SEARCH_USER_PATHS = NO;
				CLANG_ANALYZER_NONNULL = YES;
				CLANG_ANALYZER_NUMBER_OBJECT_CONVERSION = YES_AGGRESSIVE;
				CLANG_CXX_LANGUAGE_STANDARD = "gnu++17";
				CLANG_ENABLE_MODULES = YES;
				CLANG_ENABLE_OBJC_ARC = YES;
				CLANG_ENABLE_OBJC_WEAK = YES;
				CLANG_WARN_BLOCK_CAPTURE_AUTORELEASING = YES;
				CLANG_WARN_BOOL_CONVERSION = YES;
				CLANG_WARN_COMMA = YES;
				CLANG_WARN_CONSTANT_CONVERSION = YES;
				CLANG_WARN_DEPRECATED_OBJC_IMPLEMENTATIONS = YES;
				CLANG_WARN_DIRECT_OBJC_ISA_USAGE = YES_ERROR;
				CLANG_WARN_DOCUMENTATION_COMMENTS = YES;
				CLANG_WARN_EMPTY_BODY = YES;
				CLANG_WARN_ENUM_CONVERSION = YES;
				CLANG_WARN_INFINITE_RECURSION = YES;
				CLANG_WARN_INT_CONVERSION = YES;
				CLANG_WARN_NON_LITERAL_NULL_CONVERSION = YES;
				CLANG_WARN_OBJC_IMPLICIT_RETAIN_SELF = YES;
				CLANG_WARN_OBJC_LITERAL_CONVERSION = YES;
				CLANG_WARN_OBJC_ROOT_CLASS = YES_ERROR;
				CLANG_WARN_QUOTED_INCLUDE_IN_FRAMEWORK_HEADER = YES;
				CLANG_WARN_RANGE_LOOP_ANALYSIS = YES;
				CLANG_WARN_STRICT_PROTOTYPES = YES;
				CLANG_WARN_SUSPICIOUS_MOVE = YES;
				CLANG_WARN_UNGUARDED_AVAILABILITY = YES_AGGRESSIVE;
				CLANG_WARN_UNREACHABLE_CODE = YES;
				CLANG_WARN__DUPLICATE_METHOD_MATCH = YES;
				COPY_PHASE_STRIP = NO;
				DEBUG_INFORMATION_FORMAT = "dwarf-with-dsym";
				ENABLE_NS_ASSERTIONS = NO;
				ENABLE_STRICT_OBJC_MSGSEND = YES;
				GCC_C_LANGUAGE_STANDARD = gnu11;
				GCC_NO_COMMON_BLOCKS = YES;
				GCC_WARN_64_TO_32_BIT_CONVERSION = YES;
				GCC_WARN_ABOUT_RETURN_TYPE = YES_ERROR;
				GCC_WARN_UNDECLARED_SELECTOR = YES;
				GCC_WARN_UNINITIALIZED_AUTOS = YES_AGGRESSIVE;
				GCC_WARN_UNUSED_FUNCTION = YES;
				GCC_WARN_UNUSED_VARIABLE = YES;
				IPHONEOS_DEPLOYMENT_TARGET = 15.5;
				MTL_ENABLE_DEBUG_INFO = NO;
				MTL_FAST_MATH = YES;
				SDKROOT = iphoneos;
				SWIFT_COMPILATION_MODE = wholemodule;
				SWIFT_OPTIMIZATION_LEVEL = "-O";
				VALIDATE_PRODUCT = YES;
			};
			name = Release;
		};
		46C11F92289FC6B0000EDDC2 /* Debug */ = {
			isa = XCBuildConfiguration;
			buildSettings = {
				ASSETCATALOG_COMPILER_APPICON_NAME = AppIcon;
				ASSETCATALOG_COMPILER_GLOBAL_ACCENT_COLOR_NAME = AccentColor;
				CODE_SIGN_STYLE = Automatic;
				CURRENT_PROJECT_VERSION = 1;
				GENERATE_INFOPLIST_FILE = YES;
				INFOPLIST_FILE = NewsApp/Info.plist;
				INFOPLIST_KEY_UIApplicationSupportsIndirectInputEvents = YES;
				INFOPLIST_KEY_UILaunchStoryboardName = LaunchScreen;
				INFOPLIST_KEY_UIMainStoryboardFile = Main;
				INFOPLIST_KEY_UISupportedInterfaceOrientations_iPad = "UIInterfaceOrientationPortrait UIInterfaceOrientationPortraitUpsideDown UIInterfaceOrientationLandscapeLeft UIInterfaceOrientationLandscapeRight";
				INFOPLIST_KEY_UISupportedInterfaceOrientations_iPhone = "UIInterfaceOrientationPortrait UIInterfaceOrientationLandscapeLeft UIInterfaceOrientationLandscapeRight";
				LD_RUNPATH_SEARCH_PATHS = (
					"$(inherited)",
					"@executable_path/Frameworks",
				);
				MARKETING_VERSION = 1.0;
				PRODUCT_BUNDLE_IDENTIFIER = com.dhruvshrivastava.NewsApp;
				PRODUCT_NAME = "$(TARGET_NAME)";
				SWIFT_EMIT_LOC_STRINGS = YES;
				SWIFT_VERSION = 5.0;
				TARGETED_DEVICE_FAMILY = "1,2";
			};
			name = Debug;
		};
		46C11F93289FC6B0000EDDC2 /* Release */ = {
			isa = XCBuildConfiguration;
			buildSettings = {
				ASSETCATALOG_COMPILER_APPICON_NAME = AppIcon;
				ASSETCATALOG_COMPILER_GLOBAL_ACCENT_COLOR_NAME = AccentColor;
				CODE_SIGN_STYLE = Automatic;
				CURRENT_PROJECT_VERSION = 1;
				GENERATE_INFOPLIST_FILE = YES;
				INFOPLIST_FILE = NewsApp/Info.plist;
				INFOPLIST_KEY_UIApplicationSupportsIndirectInputEvents = YES;
				INFOPLIST_KEY_UILaunchStoryboardName = LaunchScreen;
				INFOPLIST_KEY_UIMainStoryboardFile = Main;
				INFOPLIST_KEY_UISupportedInterfaceOrientations_iPad = "UIInterfaceOrientationPortrait UIInterfaceOrientationPortraitUpsideDown UIInterfaceOrientationLandscapeLeft UIInterfaceOrientationLandscapeRight";
				INFOPLIST_KEY_UISupportedInterfaceOrientations_iPhone = "UIInterfaceOrientationPortrait UIInterfaceOrientationLandscapeLeft UIInterfaceOrientationLandscapeRight";
				LD_RUNPATH_SEARCH_PATHS = (
					"$(inherited)",
					"@executable_path/Frameworks",
				);
				MARKETING_VERSION = 1.0;
				PRODUCT_BUNDLE_IDENTIFIER = com.dhruvshrivastava.NewsApp;
				PRODUCT_NAME = "$(TARGET_NAME)";
				SWIFT_EMIT_LOC_STRINGS = YES;
				SWIFT_VERSION = 5.0;
				TARGETED_DEVICE_FAMILY = "1,2";
			};
			name = Release;
		};
		46C11F95289FC6B0000EDDC2 /* Debug */ = {
			isa = XCBuildConfiguration;
			buildSettings = {
				ALWAYS_EMBED_SWIFT_STANDARD_LIBRARIES = YES;
				BUNDLE_LOADER = "$(TEST_HOST)";
				CODE_SIGN_STYLE = Automatic;
				CURRENT_PROJECT_VERSION = 1;
				GENERATE_INFOPLIST_FILE = YES;
				IPHONEOS_DEPLOYMENT_TARGET = 15.5;
				MARKETING_VERSION = 1.0;
				PRODUCT_BUNDLE_IDENTIFIER = com.dhruvshrivastava.NewsAppTests;
				PRODUCT_NAME = "$(TARGET_NAME)";
				SWIFT_EMIT_LOC_STRINGS = NO;
				SWIFT_VERSION = 5.0;
				TARGETED_DEVICE_FAMILY = "1,2";
				TEST_HOST = "$(BUILT_PRODUCTS_DIR)/NewsApp.app/NewsApp";
			};
			name = Debug;
		};
		46C11F96289FC6B0000EDDC2 /* Release */ = {
			isa = XCBuildConfiguration;
			buildSettings = {
				ALWAYS_EMBED_SWIFT_STANDARD_LIBRARIES = YES;
				BUNDLE_LOADER = "$(TEST_HOST)";
				CODE_SIGN_STYLE = Automatic;
				CURRENT_PROJECT_VERSION = 1;
				GENERATE_INFOPLIST_FILE = YES;
				IPHONEOS_DEPLOYMENT_TARGET = 15.5;
				MARKETING_VERSION = 1.0;
				PRODUCT_BUNDLE_IDENTIFIER = com.dhruvshrivastava.NewsAppTests;
				PRODUCT_NAME = "$(TARGET_NAME)";
				SWIFT_EMIT_LOC_STRINGS = NO;
				SWIFT_VERSION = 5.0;
				TARGETED_DEVICE_FAMILY = "1,2";
				TEST_HOST = "$(BUILT_PRODUCTS_DIR)/NewsApp.app/NewsApp";
			};
			name = Release;
		};
		46C11F98289FC6B0000EDDC2 /* Debug */ = {
			isa = XCBuildConfiguration;
			buildSettings = {
				ALWAYS_EMBED_SWIFT_STANDARD_LIBRARIES = YES;
				CODE_SIGN_STYLE = Automatic;
				CURRENT_PROJECT_VERSION = 1;
				GENERATE_INFOPLIST_FILE = YES;
				MARKETING_VERSION = 1.0;
				PRODUCT_BUNDLE_IDENTIFIER = com.dhruvshrivastava.NewsAppUITests;
				PRODUCT_NAME = "$(TARGET_NAME)";
				SWIFT_EMIT_LOC_STRINGS = NO;
				SWIFT_VERSION = 5.0;
				TARGETED_DEVICE_FAMILY = "1,2";
				TEST_TARGET_NAME = NewsApp;
			};
			name = Debug;
		};
		46C11F99289FC6B0000EDDC2 /* Release */ = {
			isa = XCBuildConfiguration;
			buildSettings = {
				ALWAYS_EMBED_SWIFT_STANDARD_LIBRARIES = YES;
				CODE_SIGN_STYLE = Automatic;
				CURRENT_PROJECT_VERSION = 1;
				GENERATE_INFOPLIST_FILE = YES;
				MARKETING_VERSION = 1.0;
				PRODUCT_BUNDLE_IDENTIFIER = com.dhruvshrivastava.NewsAppUITests;
				PRODUCT_NAME = "$(TARGET_NAME)";
				SWIFT_EMIT_LOC_STRINGS = NO;
				SWIFT_VERSION = 5.0;
				TARGETED_DEVICE_FAMILY = "1,2";
				TEST_TARGET_NAME = NewsApp;
			};
			name = Release;
		};
/* End XCBuildConfiguration section */

/* Begin XCConfigurationList section */
		46C11F62289FC6AF000EDDC2 /* Build configuration list for PBXProject "NewsApp" */ = {
			isa = XCConfigurationList;
			buildConfigurations = (
				46C11F8F289FC6B0000EDDC2 /* Debug */,
				46C11F90289FC6B0000EDDC2 /* Release */,
			);
			defaultConfigurationIsVisible = 0;
			defaultConfigurationName = Release;
		};
		46C11F91289FC6B0000EDDC2 /* Build configuration list for PBXNativeTarget "NewsApp" */ = {
			isa = XCConfigurationList;
			buildConfigurations = (
				46C11F92289FC6B0000EDDC2 /* Debug */,
				46C11F93289FC6B0000EDDC2 /* Release */,
			);
			defaultConfigurationIsVisible = 0;
			defaultConfigurationName = Release;
		};
		46C11F94289FC6B0000EDDC2 /* Build configuration list for PBXNativeTarget "NewsAppTests" */ = {
			isa = XCConfigurationList;
			buildConfigurations = (
				46C11F95289FC6B0000EDDC2 /* Debug */,
				46C11F96289FC6B0000EDDC2 /* Release */,
			);
			defaultConfigurationIsVisible = 0;
			defaultConfigurationName = Release;
		};
		46C11F97289FC6B0000EDDC2 /* Build configuration list for PBXNativeTarget "NewsAppUITests" */ = {
			isa = XCConfigurationList;
			buildConfigurations = (
				46C11F98289FC6B0000EDDC2 /* Debug */,
				46C11F99289FC6B0000EDDC2 /* Release */,
			);
			defaultConfigurationIsVisible = 0;
			defaultConfigurationName = Release;
		};
/* End XCConfigurationList section */
	};
	rootObject = 46C11F5F289FC6AF000EDDC2 /* Project object */;
}
